
Microsoft Visual Studio Solution File, Format Version 12.00
# Visual Studio Version 17
VisualStudioVersion = 17.0.31521.260
MinimumVisualStudioVersion = 10.0.40219.1
Project("{FAE04EC0-301F-11D3-BF4B-00C04F79EFBC}") = "GPOsTester", "GPOsTester\GPOsTester.csproj", "{08DF3954-E014-4F47-889D-5B8A017C597E}"
EndProject
Global
	GlobalSection(SolutionConfigurationPlatforms) = preSolution
		Debug|Any CPU = Debug|Any CPU
		Release|Any CPU = Release|Any CPU
	EndGlobalSection
	GlobalSection(ProjectConfigurationPlatforms) = postSolution
		{08DF3954-E014-4F47-889D-5B8A017C597E}.Debug|Any CPU.ActiveCfg = Debug|Any CPU
		{08DF3954-E014-4F47-889D-5B8A017C597E}.Debug|Any CPU.Build.0 = Debug|Any CPU
		{08DF3954-E014-4F47-889D-5B8A017C597E}.Release|Any CPU.ActiveCfg = Release|Any CPU
		{08DF3954-E014-4F47-889D-5B8A017C597E}.Release|Any CPU.Build.0 = Release|Any CPU
	EndGlobalSection
	GlobalSection(SolutionProperties) = preSolution
		HideSolutionNode = FALSE
	EndGlobalSection
	GlobalSection(ExtensibilityGlobals) = postSolution
		SolutionGuid = {1E673A12-E111-4396-A818-EDFE65E91EB4}
	EndGlobalSection
EndGlobal
